
Microsoft Visual Studio Solution File, Format Version 12.00
# Visual Studio Version 16
VisualStudioVersion = 16.0.30114.105
MinimumVisualStudioVersion = 10.0.40219.1
Project("{FAE04EC0-301F-11D3-BF4B-00C04F79EFBC}") = "API", "API\API.csproj", "{655A78A2-CF30-4750-9904-9B4B4BB60E62}"
EndProject
Project("{FAE04EC0-301F-11D3-BF4B-00C04F79EFBC}") = "Application", "Application\Application.csproj", "{5614869A-44BE-4A15-937C-D6D255F18638}"
EndProject
Project("{FAE04EC0-301F-11D3-BF4B-00C04F79EFBC}") = "Persistence", "Persistence\Persistence.csproj", "{84B5C2A0-F2E3-468A-B603-546D050D3566}"
EndProject
Project("{FAE04EC0-301F-11D3-BF4B-00C04F79EFBC}") = "Domain", "Domain\Domain.csproj", "{BB77987F-68F0-4A97-BE40-1A6D50E0D7E7}"
EndProject
Global
	GlobalSection(SolutionConfigurationPlatforms) = preSolution
		Debug|Any CPU = Debug|Any CPU
		Release|Any CPU = Release|Any CPU
	EndGlobalSection
	GlobalSection(SolutionProperties) = preSolution
		HideSolutionNode = FALSE
	EndGlobalSection
	GlobalSection(ProjectConfigurationPlatforms) = postSolution
		{655A78A2-CF30-4750-9904-9B4B4BB60E62}.Debug|Any CPU.ActiveCfg = Debug|Any CPU
		{655A78A2-CF30-4750-9904-9B4B4BB60E62}.Debug|Any CPU.Build.0 = Debug|Any CPU
		{655A78A2-CF30-4750-9904-9B4B4BB60E62}.Release|Any CPU.ActiveCfg = Release|Any CPU
		{655A78A2-CF30-4750-9904-9B4B4BB60E62}.Release|Any CPU.Build.0 = Release|Any CPU
		{5614869A-44BE-4A15-937C-D6D255F18638}.Debug|Any CPU.ActiveCfg = Debug|Any CPU
		{5614869A-44BE-4A15-937C-D6D255F18638}.Debug|Any CPU.Build.0 = Debug|Any CPU
		{5614869A-44BE-4A15-937C-D6D255F18638}.Release|Any CPU.ActiveCfg = Release|Any CPU
		{5614869A-44BE-4A15-937C-D6D255F18638}.Release|Any CPU.Build.0 = Release|Any CPU
		{84B5C2A0-F2E3-468A-B603-546D050D3566}.Debug|Any CPU.ActiveCfg = Debug|Any CPU
		{84B5C2A0-F2E3-468A-B603-546D050D3566}.Debug|Any CPU.Build.0 = Debug|Any CPU
		{84B5C2A0-F2E3-468A-B603-546D050D3566}.Release|Any CPU.ActiveCfg = Release|Any CPU
		{84B5C2A0-F2E3-468A-B603-546D050D3566}.Release|Any CPU.Build.0 = Release|Any CPU
		{BB77987F-68F0-4A97-BE40-1A6D50E0D7E7}.Debug|Any CPU.ActiveCfg = Debug|Any CPU
		{BB77987F-68F0-4A97-BE40-1A6D50E0D7E7}.Debug|Any CPU.Build.0 = Debug|Any CPU
		{BB77987F-68F0-4A97-BE40-1A6D50E0D7E7}.Release|Any CPU.ActiveCfg = Release|Any CPU
		{BB77987F-68F0-4A97-BE40-1A6D50E0D7E7}.Release|Any CPU.Build.0 = Release|Any CPU
	EndGlobalSection
EndGlobal
